
Microsoft Visual Studio Solution File, Format Version 12.00
# Visual Studio Version 16
VisualStudioVersion = 16.6.30114.105
MinimumVisualStudioVersion = 10.0.40219.1
Project("{FAE04EC0-301F-11D3-BF4B-00C04F79EFBC}") = "MarkopTest", "src\MarkopTest.csproj", "{5477EEAB-E0A1-4D4D-B54B-9B1933BE9842}"
EndProject
Project("{2150E333-8FDC-42A3-9474-1A3956D46DE8}") = "src", "src", "{585FAF4C-CB4D-4CFA-BC27-54C6ABAE843E}"
EndProject
Project("{2150E333-8FDC-42A3-9474-1A3956D46DE8}") = "sample", "sample", "{8BBC4BCC-A015-4076-84AA-1B54C1AFB898}"
EndProject
Project("{2150E333-8FDC-42A3-9474-1A3956D46DE8}") = "src", "src", "{25FBCBF5-5867-4E65-8F99-B2AD4CB71991}"
EndProject
Project("{FAE04EC0-301F-11D3-BF4B-00C04F79EFBC}") = "Application", "sample\src\Application\Application.csproj", "{3A9D291E-732F-4F7F-8279-074E099871E7}"
EndProject
Project("{FAE04EC0-301F-11D3-BF4B-00C04F79EFBC}") = "Domain", "sample\src\Domain\Domain.csproj", "{6D8D8390-1C95-4527-92C8-6C0A20E13C8B}"
EndProject
Project("{FAE04EC0-301F-11D3-BF4B-00C04F79EFBC}") = "Infrastructure", "sample\src\Infrastructure\Infrastructure.csproj", "{0C5541A8-7802-49B5-B4A6-74E2EF0D9893}"
EndProject
Project("{FAE04EC0-301F-11D3-BF4B-00C04F79EFBC}") = "WebAPI", "sample\src\WebAPI\WebAPI.csproj", "{0D11B100-A590-47A0-97F9-C71BB26DAE76}"
EndProject
Project("{2150E333-8FDC-42A3-9474-1A3956D46DE8}") = "test", "test", "{CD0A9A1B-3466-4212-AF9E-85D39DAB23D8}"
EndProject
Project("{FAE04EC0-301F-11D3-BF4B-00C04F79EFBC}") = "LoadTest", "sample\test\LoadTest\LoadTest.csproj", "{25430339-D334-433E-A66C-69234D2B1B8A}"
EndProject
Project("{FAE04EC0-301F-11D3-BF4B-00C04F79EFBC}") = "IntegrationTest", "sample\test\IntegrationTest\IntegrationTest.csproj", "{2AD3E64C-8B35-4CB8-A382-C3F082F4E7F1}"
EndProject
Project("{FAE04EC0-301F-11D3-BF4B-00C04F79EFBC}") = "FunctionalTest", "sample\test\FunctionalTest\FunctionalTest.csproj", "{C237DCD5-0FC3-4B63-9F3C-E48C7A9E9F47}"
EndProject
Project("{FAE04EC0-301F-11D3-BF4B-00C04F79EFBC}") = "UnitTest", "sample\test\UnitTest\UnitTest.csproj", "{EB415700-A43E-4DC9-B82E-8145A43B7B55}"
EndProject
Global
	GlobalSection(SolutionConfigurationPlatforms) = preSolution
		Debug|Any CPU = Debug|Any CPU
		Debug|x64 = Debug|x64
		Debug|x86 = Debug|x86
		Release|Any CPU = Release|Any CPU
		Release|x64 = Release|x64
		Release|x86 = Release|x86
	EndGlobalSection
	GlobalSection(SolutionProperties) = preSolution
		HideSolutionNode = FALSE
	EndGlobalSection
	GlobalSection(ProjectConfigurationPlatforms) = postSolution
		{5477EEAB-E0A1-4D4D-B54B-9B1933BE9842}.Debug|Any CPU.ActiveCfg = Debug|Any CPU
		{5477EEAB-E0A1-4D4D-B54B-9B1933BE9842}.Debug|Any CPU.Build.0 = Debug|Any CPU
		{5477EEAB-E0A1-4D4D-B54B-9B1933BE9842}.Debug|x64.ActiveCfg = Debug|Any CPU
		{5477EEAB-E0A1-4D4D-B54B-9B1933BE9842}.Debug|x64.Build.0 = Debug|Any CPU
		{5477EEAB-E0A1-4D4D-B54B-9B1933BE9842}.Debug|x86.ActiveCfg = Debug|Any CPU
		{5477EEAB-E0A1-4D4D-B54B-9B1933BE9842}.Debug|x86.Build.0 = Debug|Any CPU
		{5477EEAB-E0A1-4D4D-B54B-9B1933BE9842}.Release|Any CPU.ActiveCfg = Release|Any CPU
		{5477EEAB-E0A1-4D4D-B54B-9B1933BE9842}.Release|Any CPU.Build.0 = Release|Any CPU
		{5477EEAB-E0A1-4D4D-B54B-9B1933BE9842}.Release|x64.ActiveCfg = Release|Any CPU
		{5477EEAB-E0A1-4D4D-B54B-9B1933BE9842}.Release|x64.Build.0 = Release|Any CPU
		{5477EEAB-E0A1-4D4D-B54B-9B1933BE9842}.Release|x86.ActiveCfg = Release|Any CPU
		{5477EEAB-E0A1-4D4D-B54B-9B1933BE9842}.Release|x86.Build.0 = Release|Any CPU
		{3A9D291E-732F-4F7F-8279-074E099871E7}.Debug|Any CPU.ActiveCfg = Debug|Any CPU
		{3A9D291E-732F-4F7F-8279-074E099871E7}.Debug|Any CPU.Build.0 = Debug|Any CPU
		{3A9D291E-732F-4F7F-8279-074E099871E7}.Debug|x64.ActiveCfg = Debug|Any CPU
		{3A9D291E-732F-4F7F-8279-074E099871E7}.Debug|x64.Build.0 = Debug|Any CPU
		{3A9D291E-732F-4F7F-8279-074E099871E7}.Debug|x86.ActiveCfg = Debug|Any CPU
		{3A9D291E-732F-4F7F-8279-074E099871E7}.Debug|x86.Build.0 = Debug|Any CPU
		{3A9D291E-732F-4F7F-8279-074E099871E7}.Release|Any CPU.ActiveCfg = Release|Any CPU
		{3A9D291E-732F-4F7F-8279-074E099871E7}.Release|Any CPU.Build.0 = Release|Any CPU
		{3A9D291E-732F-4F7F-8279-074E099871E7}.Release|x64.ActiveCfg = Release|Any CPU
		{3A9D291E-732F-4F7F-8279-074E099871E7}.Release|x64.Build.0 = Release|Any CPU
		{3A9D291E-732F-4F7F-8279-074E099871E7}.Release|x86.ActiveCfg = Release|Any CPU
		{3A9D291E-732F-4F7F-8279-074E099871E7}.Release|x86.Build.0 = Release|Any CPU
		{6D8D8390-1C95-4527-92C8-6C0A20E13C8B}.Debug|Any CPU.ActiveCfg = Debug|Any CPU
		{6D8D8390-1C95-4527-92C8-6C0A20E13C8B}.Debug|Any CPU.Build.0 = Debug|Any CPU
		{6D8D8390-1C95-4527-92C8-6C0A20E13C8B}.Debug|x64.ActiveCfg = Debug|Any CPU
		{6D8D8390-1C95-4527-92C8-6C0A20E13C8B}.Debug|x64.Build.0 = Debug|Any CPU
		{6D8D8390-1C95-4527-92C8-6C0A20E13C8B}.Debug|x86.ActiveCfg = Debug|Any CPU
		{6D8D8390-1C95-4527-92C8-6C0A20E13C8B}.Debug|x86.Build.0 = Debug|Any CPU
		{6D8D8390-1C95-4527-92C8-6C0A20E13C8B}.Release|Any CPU.ActiveCfg = Release|Any CPU
		{6D8D8390-1C95-4527-92C8-6C0A20E13C8B}.Release|Any CPU.Build.0 = Release|Any CPU
		{6D8D8390-1C95-4527-92C8-6C0A20E13C8B}.Release|x64.ActiveCfg = Release|Any CPU
		{6D8D8390-1C95-4527-92C8-6C0A20E13C8B}.Release|x64.Build.0 = Release|Any CPU
		{6D8D8390-1C95-4527-92C8-6C0A20E13C8B}.Release|x86.ActiveCfg = Release|Any CPU
		{6D8D8390-1C95-4527-92C8-6C0A20E13C8B}.Release|x86.Build.0 = Release|Any CPU
		{0C5541A8-7802-49B5-B4A6-74E2EF0D9893}.Debug|Any CPU.ActiveCfg = Debug|Any CPU
		{0C5541A8-7802-49B5-B4A6-74E2EF0D9893}.Debug|Any CPU.Build.0 = Debug|Any CPU
		{0C5541A8-7802-49B5-B4A6-74E2EF0D9893}.Debug|x64.ActiveCfg = Debug|Any CPU
		{0C5541A8-7802-49B5-B4A6-74E2EF0D9893}.Debug|x64.Build.0 = Debug|Any CPU
		{0C5541A8-7802-49B5-B4A6-74E2EF0D9893}.Debug|x86.ActiveCfg = Debug|Any CPU
		{0C5541A8-7802-49B5-B4A6-74E2EF0D9893}.Debug|x86.Build.0 = Debug|Any CPU
		{0C5541A8-7802-49B5-B4A6-74E2EF0D9893}.Release|Any CPU.ActiveCfg = Release|Any CPU
		{0C5541A8-7802-49B5-B4A6-74E2EF0D9893}.Release|Any CPU.Build.0 = Release|Any CPU
		{0C5541A8-7802-49B5-B4A6-74E2EF0D9893}.Release|x64.ActiveCfg = Release|Any CPU
		{0C5541A8-7802-49B5-B4A6-74E2EF0D9893}.Release|x64.Build.0 = Release|Any CPU
		{0C5541A8-7802-49B5-B4A6-74E2EF0D9893}.Release|x86.ActiveCfg = Release|Any CPU
		{0C5541A8-7802-49B5-B4A6-74E2EF0D9893}.Release|x86.Build.0 = Release|Any CPU
		{0D11B100-A590-47A0-97F9-C71BB26DAE76}.Debug|Any CPU.ActiveCfg = Debug|Any CPU
		{0D11B100-A590-47A0-97F9-C71BB26DAE76}.Debug|Any CPU.Build.0 = Debug|Any CPU
		{0D11B100-A590-47A0-97F9-C71BB26DAE76}.Debug|x64.ActiveCfg = Debug|Any CPU
		{0D11B100-A590-47A0-97F9-C71BB26DAE76}.Debug|x64.Build.0 = Debug|Any CPU
		{0D11B100-A590-47A0-97F9-C71BB26DAE76}.Debug|x86.ActiveCfg = Debug|Any CPU
		{0D11B100-A590-47A0-97F9-C71BB26DAE76}.Debug|x86.Build.0 = Debug|Any CPU
		{0D11B100-A590-47A0-97F9-C71BB26DAE76}.Release|Any CPU.ActiveCfg = Release|Any CPU
		{0D11B100-A590-47A0-97F9-C71BB26DAE76}.Release|Any CPU.Build.0 = Release|Any CPU
		{0D11B100-A590-47A0-97F9-C71BB26DAE76}.Release|x64.ActiveCfg = Release|Any CPU
		{0D11B100-A590-47A0-97F9-C71BB26DAE76}.Release|x64.Build.0 = Release|Any CPU
		{0D11B100-A590-47A0-97F9-C71BB26DAE76}.Release|x86.ActiveCfg = Release|Any CPU
		{0D11B100-A590-47A0-97F9-C71BB26DAE76}.Release|x86.Build.0 = Release|Any CPU
		{25430339-D334-433E-A66C-69234D2B1B8A}.Debug|Any CPU.ActiveCfg = Debug|Any CPU
		{25430339-D334-433E-A66C-69234D2B1B8A}.Debug|Any CPU.Build.0 = Debug|Any CPU
		{25430339-D334-433E-A66C-69234D2B1B8A}.Debug|x64.ActiveCfg = Debug|Any CPU
		{25430339-D334-433E-A66C-69234D2B1B8A}.Debug|x64.Build.0 = Debug|Any CPU
		{25430339-D334-433E-A66C-69234D2B1B8A}.Debug|x86.ActiveCfg = Debug|Any CPU
		{25430339-D334-433E-A66C-69234D2B1B8A}.Debug|x86.Build.0 = Debug|Any CPU
		{25430339-D334-433E-A66C-69234D2B1B8A}.Release|Any CPU.ActiveCfg = Release|Any CPU
		{25430339-D334-433E-A66C-69234D2B1B8A}.Release|Any CPU.Build.0 = Release|Any CPU
		{25430339-D334-433E-A66C-69234D2B1B8A}.Release|x64.ActiveCfg = Release|Any CPU
		{25430339-D334-433E-A66C-69234D2B1B8A}.Release|x64.Build.0 = Release|Any CPU
		{25430339-D334-433E-A66C-69234D2B1B8A}.Release|x86.ActiveCfg = Release|Any CPU
		{25430339-D334-433E-A66C-69234D2B1B8A}.Release|x86.Build.0 = Release|Any CPU
		{2AD3E64C-8B35-4CB8-A382-C3F082F4E7F1}.Debug|Any CPU.ActiveCfg = Debug|Any CPU
		{2AD3E64C-8B35-4CB8-A382-C3F082F4E7F1}.Debug|Any CPU.Build.0 = Debug|Any CPU
		{2AD3E64C-8B35-4CB8-A382-C3F082F4E7F1}.Debug|x64.ActiveCfg = Debug|Any CPU
		{2AD3E64C-8B35-4CB8-A382-C3F082F4E7F1}.Debug|x64.Build.0 = Debug|Any CPU
		{2AD3E64C-8B35-4CB8-A382-C3F082F4E7F1}.Debug|x86.ActiveCfg = Debug|Any CPU
		{2AD3E64C-8B35-4CB8-A382-C3F082F4E7F1}.Debug|x86.Build.0 = Debug|Any CPU
		{2AD3E64C-8B35-4CB8-A382-C3F082F4E7F1}.Release|Any CPU.ActiveCfg = Release|Any CPU
		{2AD3E64C-8B35-4CB8-A382-C3F082F4E7F1}.Release|Any CPU.Build.0 = Release|Any CPU
		{2AD3E64C-8B35-4CB8-A382-C3F082F4E7F1}.Release|x64.ActiveCfg = Release|Any CPU
		{2AD3E64C-8B35-4CB8-A382-C3F082F4E7F1}.Release|x64.Build.0 = Release|Any CPU
		{2AD3E64C-8B35-4CB8-A382-C3F082F4E7F1}.Release|x86.ActiveCfg = Release|Any CPU
		{2AD3E64C-8B35-4CB8-A382-C3F082F4E7F1}.Release|x86.Build.0 = Release|Any CPU
		{C237DCD5-0FC3-4B63-9F3C-E48C7A9E9F47}.Debug|Any CPU.ActiveCfg = Debug|Any CPU
		{C237DCD5-0FC3-4B63-9F3C-E48C7A9E9F47}.Debug|Any CPU.Build.0 = Debug|Any CPU
		{C237DCD5-0FC3-4B63-9F3C-E48C7A9E9F47}.Debug|x64.ActiveCfg = Debug|Any CPU
		{C237DCD5-0FC3-4B63-9F3C-E48C7A9E9F47}.Debug|x64.Build.0 = Debug|Any CPU
		{C237DCD5-0FC3-4B63-9F3C-E48C7A9E9F47}.Debug|x86.ActiveCfg = Debug|Any CPU
		{C237DCD5-0FC3-4B63-9F3C-E48C7A9E9F47}.Debug|x86.Build.0 = Debug|Any CPU
		{C237DCD5-0FC3-4B63-9F3C-E48C7A9E9F47}.Release|Any CPU.ActiveCfg = Release|Any CPU
		{C237DCD5-0FC3-4B63-9F3C-E48C7A9E9F47}.Release|Any CPU.Build.0 = Release|Any CPU
		{C237DCD5-0FC3-4B63-9F3C-E48C7A9E9F47}.Release|x64.ActiveCfg = Release|Any CPU
		{C237DCD5-0FC3-4B63-9F3C-E48C7A9E9F47}.Release|x64.Build.0 = Release|Any CPU
		{C237DCD5-0FC3-4B63-9F3C-E48C7A9E9F47}.Release|x86.ActiveCfg = Release|Any CPU
		{C237DCD5-0FC3-4B63-9F3C-E48C7A9E9F47}.Release|x86.Build.0 = Release|Any CPU
		{EB415700-A43E-4DC9-B82E-8145A43B7B55}.Debug|Any CPU.ActiveCfg = Debug|Any CPU
		{EB415700-A43E-4DC9-B82E-8145A43B7B55}.Debug|Any CPU.Build.0 = Debug|Any CPU
		{EB415700-A43E-4DC9-B82E-8145A43B7B55}.Debug|x64.ActiveCfg = Debug|Any CPU
		{EB415700-A43E-4DC9-B82E-8145A43B7B55}.Debug|x64.Build.0 = Debug|Any CPU
		{EB415700-A43E-4DC9-B82E-8145A43B7B55}.Debug|x86.ActiveCfg = Debug|Any CPU
		{EB415700-A43E-4DC9-B82E-8145A43B7B55}.Debug|x86.Build.0 = Debug|Any CPU
		{EB415700-A43E-4DC9-B82E-8145A43B7B55}.Release|Any CPU.ActiveCfg = Release|Any CPU
		{EB415700-A43E-4DC9-B82E-8145A43B7B55}.Release|Any CPU.Build.0 = Release|Any CPU
		{EB415700-A43E-4DC9-B82E-8145A43B7B55}.Release|x64.ActiveCfg = Release|Any CPU
		{EB415700-A43E-4DC9-B82E-8145A43B7B55}.Release|x64.Build.0 = Release|Any CPU
		{EB415700-A43E-4DC9-B82E-8145A43B7B55}.Release|x86.ActiveCfg = Release|Any CPU
		{EB415700-A43E-4DC9-B82E-8145A43B7B55}.Release|x86.Build.0 = Release|Any CPU
	EndGlobalSection
	GlobalSection(NestedProjects) = preSolution
		{5477EEAB-E0A1-4D4D-B54B-9B1933BE9842} = {585FAF4C-CB4D-4CFA-BC27-54C6ABAE843E}
		{25FBCBF5-5867-4E65-8F99-B2AD4CB71991} = {8BBC4BCC-A015-4076-84AA-1B54C1AFB898}
		{3A9D291E-732F-4F7F-8279-074E099871E7} = {25FBCBF5-5867-4E65-8F99-B2AD4CB71991}
		{6D8D8390-1C95-4527-92C8-6C0A20E13C8B} = {25FBCBF5-5867-4E65-8F99-B2AD4CB71991}
		{0C5541A8-7802-49B5-B4A6-74E2EF0D9893} = {25FBCBF5-5867-4E65-8F99-B2AD4CB71991}
		{0D11B100-A590-47A0-97F9-C71BB26DAE76} = {25FBCBF5-5867-4E65-8F99-B2AD4CB71991}
		{CD0A9A1B-3466-4212-AF9E-85D39DAB23D8} = {8BBC4BCC-A015-4076-84AA-1B54C1AFB898}
		{25430339-D334-433E-A66C-69234D2B1B8A} = {CD0A9A1B-3466-4212-AF9E-85D39DAB23D8}
		{2AD3E64C-8B35-4CB8-A382-C3F082F4E7F1} = {CD0A9A1B-3466-4212-AF9E-85D39DAB23D8}
		{C237DCD5-0FC3-4B63-9F3C-E48C7A9E9F47} = {CD0A9A1B-3466-4212-AF9E-85D39DAB23D8}
		{EB415700-A43E-4DC9-B82E-8145A43B7B55} = {CD0A9A1B-3466-4212-AF9E-85D39DAB23D8}
	EndGlobalSection
EndGlobal
